
Microsoft Visual Studio Solution File, Format Version 12.00
# Visual Studio Version 17
VisualStudioVersion = 17.9.34622.214
MinimumVisualStudioVersion = 10.0.40219.1
Project("{FAE04EC0-301F-11D3-BF4B-00C04F79EFBC}") = "souvenir", "souvenir\souvenir.csproj", "{BD9627B9-37AB-4938-A534-56E345C87A5D}"
EndProject
Global
	GlobalSection(SolutionConfigurationPlatforms) = preSolution
		Debug|Any CPU = Debug|Any CPU
		Release|Any CPU = Release|Any CPU
	EndGlobalSection
	GlobalSection(ProjectConfigurationPlatforms) = postSolution
		{BD9627B9-37AB-4938-A534-56E345C87A5D}.Debug|Any CPU.ActiveCfg = Debug|Any CPU
		{BD9627B9-37AB-4938-A534-56E345C87A5D}.Debug|Any CPU.Build.0 = Debug|Any CPU
		{BD9627B9-37AB-4938-A534-56E345C87A5D}.Release|Any CPU.ActiveCfg = Release|Any CPU
		{BD9627B9-37AB-4938-A534-56E345C87A5D}.Release|Any CPU.Build.0 = Release|Any CPU
	EndGlobalSection
	GlobalSection(SolutionProperties) = preSolution
		HideSolutionNode = FALSE
	EndGlobalSection
	GlobalSection(ExtensibilityGlobals) = postSolution
		SolutionGuid = {AB09E5DC-1CCE-4CE5-9FA8-015398BA9E07}
	EndGlobalSection
EndGlobal
